
Microsoft Visual Studio Solution File, Format Version 12.00
# Visual Studio Version 17
VisualStudioVersion = 17.5.33627.172
MinimumVisualStudioVersion = 10.0.40219.1
Project("{FAE04EC0-301F-11D3-BF4B-00C04F79EFBC}") = "ExtractAudio", "ExtractAudio\ExtractAudio.csproj", "{ACCA3E4B-C792-46DB-ACAA-3F0F5752774D}"
EndProject
Global
	GlobalSection(SolutionConfigurationPlatforms) = preSolution
		Debug|Any CPU = Debug|Any CPU
		Release|Any CPU = Release|Any CPU
	EndGlobalSection
	GlobalSection(ProjectConfigurationPlatforms) = postSolution
		{ACCA3E4B-C792-46DB-ACAA-3F0F5752774D}.Debug|Any CPU.ActiveCfg = Debug|Any CPU
		{ACCA3E4B-C792-46DB-ACAA-3F0F5752774D}.Debug|Any CPU.Build.0 = Debug|Any CPU
		{ACCA3E4B-C792-46DB-ACAA-3F0F5752774D}.Release|Any CPU.ActiveCfg = Release|Any CPU
		{ACCA3E4B-C792-46DB-ACAA-3F0F5752774D}.Release|Any CPU.Build.0 = Release|Any CPU
	EndGlobalSection
	GlobalSection(SolutionProperties) = preSolution
		HideSolutionNode = FALSE
	EndGlobalSection
	GlobalSection(ExtensibilityGlobals) = postSolution
		SolutionGuid = {9122C168-0355-4120-B548-B39CAD815AE2}
	EndGlobalSection
EndGlobal
